
Microsoft Visual Studio Solution File, Format Version 12.00
# Visual Studio Version 16
VisualStudioVersion = 16.0.31727.386
MinimumVisualStudioVersion = 10.0.40219.1
Project("{FAE04EC0-301F-11D3-BF4B-00C04F79EFBC}") = "ConsoleApp", "ConsoleApp\ConsoleApp.csproj", "{D412F961-5EFA-4478-94AC-AAA2C571F782}"
EndProject
Global
	GlobalSection(SolutionConfigurationPlatforms) = preSolution
		Debug|Any CPU = Debug|Any CPU
		Release|Any CPU = Release|Any CPU
	EndGlobalSection
	GlobalSection(ProjectConfigurationPlatforms) = postSolution
		{D412F961-5EFA-4478-94AC-AAA2C571F782}.Debug|Any CPU.ActiveCfg = Debug|Any CPU
		{D412F961-5EFA-4478-94AC-AAA2C571F782}.Debug|Any CPU.Build.0 = Debug|Any CPU
		{D412F961-5EFA-4478-94AC-AAA2C571F782}.Release|Any CPU.ActiveCfg = Release|Any CPU
		{D412F961-5EFA-4478-94AC-AAA2C571F782}.Release|Any CPU.Build.0 = Release|Any CPU
	EndGlobalSection
	GlobalSection(SolutionProperties) = preSolution
		HideSolutionNode = FALSE
	EndGlobalSection
	GlobalSection(ExtensibilityGlobals) = postSolution
		SolutionGuid = {EB5AE088-B268-49AD-A99C-7F8163DD677B}
	EndGlobalSection
EndGlobal
